
Microsoft Visual Studio Solution File, Format Version 12.00
# Visual Studio Version 16
VisualStudioVersion = 16.0.31624.102
MinimumVisualStudioVersion = 10.0.40219.1
Project("{FAE04EC0-301F-11D3-BF4B-00C04F79EFBC}") = "PID_Control", "PID_Control.csproj", "{670FE614-B06F-4D9D-81B8-2B7AB511F17F}"
EndProject
Global
	GlobalSection(SolutionConfigurationPlatforms) = preSolution
		Debug|Any CPU = Debug|Any CPU
		Release|Any CPU = Release|Any CPU
	EndGlobalSection
	GlobalSection(ProjectConfigurationPlatforms) = postSolution
		{670FE614-B06F-4D9D-81B8-2B7AB511F17F}.Debug|Any CPU.ActiveCfg = Debug|Any CPU
		{670FE614-B06F-4D9D-81B8-2B7AB511F17F}.Debug|Any CPU.Build.0 = Debug|Any CPU
		{670FE614-B06F-4D9D-81B8-2B7AB511F17F}.Release|Any CPU.ActiveCfg = Release|Any CPU
		{670FE614-B06F-4D9D-81B8-2B7AB511F17F}.Release|Any CPU.Build.0 = Release|Any CPU
	EndGlobalSection
	GlobalSection(SolutionProperties) = preSolution
		HideSolutionNode = FALSE
	EndGlobalSection
	GlobalSection(ExtensibilityGlobals) = postSolution
		SolutionGuid = {10A155DC-4F73-4C85-9B10-AA0E45FAE749}
	EndGlobalSection
EndGlobal
